{
  "nodes": {
    "darwin": {
      "inputs": {
        "nixpkgs": [
          "nixpkgs"
        ]
      },
      "locked": {
        "lastModified": 1732016537,
        "narHash": "sha256-XwXUK+meYnlhdQz2TVE4Wv+tsx1CkdGbDPt1tRzCNH4=",
        "owner": "lnl7",
        "repo": "nix-darwin",
        "rev": "61cee20168a3ebb71a9efd70a55adebaadfbe4d4",
        "type": "github"
      },
      "original": {
        "owner": "lnl7",
        "repo": "nix-darwin",
        "type": "github"
      }
    },
    "disko": {
      "inputs": {
        "nixpkgs": [
          "nixpkgs"
        ]
      },
      "locked": {
        "lastModified": 1732030699,
        "narHash": "sha256-SBosboLvLqDv+7mNgRTIYDQbHE61rDDkXTJWiRX3PPo=",
        "owner": "nix-community",
        "repo": "disko",
        "rev": "da52cf40206d7d1a419d07640eb47b2fb9ac2c21",
        "type": "github"
      },
      "original": {
        "owner": "nix-community",
        "repo": "disko",
        "type": "github"
      }
    },
    "dotfiles": {
      "flake": false,
      "locked": {
        "lastModified": 1731629190,
        "narHash": "sha256-39n+TFArzoUe0X+6GgsKgT4xC/WX2oXNo6fBo1iTtwE=",
        "ref": "refs/heads/master",
        "rev": "8837cf9cbd95ae6b1b361ea9a89d34a5e48dd1df",
        "shallow": true,
        "type": "git",
        "url": "ssh://git@github.com/aymanbagabas/dotfiles.local"
      },
      "original": {
        "shallow": true,
        "type": "git",
        "url": "ssh://git@github.com/aymanbagabas/dotfiles.local"
      }
    },
    "flake-utils": {
      "inputs": {
        "systems": "systems"
      },
      "locked": {
        "lastModified": 1705309234,
        "narHash": "sha256-uNRRNRKmJyCRC/8y1RqBkqWBLM034y4qN7EprSdmgyA=",
        "owner": "numtide",
        "repo": "flake-utils",
        "rev": "1ef2e671c3b0c19053962c07dbda38332dcebf26",
        "type": "github"
      },
      "original": {
        "owner": "numtide",
        "repo": "flake-utils",
        "type": "github"
      }
    },
    "ghostty": {
      "inputs": {
        "nixpkgs-stable": "nixpkgs-stable",
        "nixpkgs-unstable": "nixpkgs-unstable",
        "zig": "zig"
      },
      "locked": {
        "lastModified": 1732039947,
        "narHash": "sha256-LgLGpeyimlCyHWzsQZ5xL0GJv+14zTVsAPTOuwL/qkA=",
        "ref": "refs/heads/main",
        "rev": "14f603e691e13cb14855a4af8e9760a578f7aefd",
        "revCount": 8023,
        "type": "git",
        "url": "ssh://git@github.com/mitchellh/ghostty"
      },
      "original": {
        "type": "git",
        "url": "ssh://git@github.com/mitchellh/ghostty"
      }
    },
    "home-manager": {
      "inputs": {
        "nixpkgs": [
          "nixpkgs"
        ]
      },
      "locked": {
        "lastModified": 1732025103,
        "narHash": "sha256-qjEI64RKvDxRyEarY0jTzrZMa8ebezh2DEZmJJrpVdo=",
        "owner": "nix-community",
        "repo": "home-manager",
        "rev": "a46e702093a5c46e192243edbd977d5749e7f294",
        "type": "github"
      },
      "original": {
        "owner": "nix-community",
        "repo": "home-manager",
        "type": "github"
      }
    },
    "nixpkgs": {
      "locked": {
        "lastModified": 1731676054,
        "narHash": "sha256-OZiZ3m8SCMfh3B6bfGC/Bm4x3qc1m2SVEAlkV6iY7Yg=",
        "owner": "nixos",
        "repo": "nixpkgs",
        "rev": "5e4fbfb6b3de1aa2872b76d49fafc942626e2add",
        "type": "github"
      },
      "original": {
        "owner": "nixos",
        "ref": "nixos-unstable",
        "repo": "nixpkgs",
        "type": "github"
      }
    },
    "nixpkgs-stable": {
      "locked": {
        "lastModified": 1726062281,
        "narHash": "sha256-PyFVySdGj3enKqm8RQuo4v1KLJLmNLOq2yYOHsI6e2Q=",
        "owner": "nixos",
        "repo": "nixpkgs",
        "rev": "e65aa8301ba4f0ab8cb98f944c14aa9da07394f8",
        "type": "github"
      },
      "original": {
        "owner": "nixos",
        "ref": "release-24.05",
        "repo": "nixpkgs",
        "type": "github"
      }
    },
    "nixpkgs-unstable": {
      "locked": {
        "lastModified": 1719082008,
        "narHash": "sha256-jHJSUH619zBQ6WdC21fFAlDxHErKVDJ5fpN0Hgx4sjs=",
        "owner": "nixos",
        "repo": "nixpkgs",
        "rev": "9693852a2070b398ee123a329e68f0dab5526681",
        "type": "github"
      },
      "original": {
        "owner": "nixos",
        "ref": "nixpkgs-unstable",
        "repo": "nixpkgs",
        "type": "github"
      }
    },
    "nur": {
      "locked": {
        "lastModified": 1732034903,
        "narHash": "sha256-83fCcCsW/f1DIBQoQfSvnp95L4WADvKTC+xMQFQ0RRI=",
        "owner": "nix-community",
        "repo": "NUR",
        "rev": "a2712ed4e2e98c0e86ebc074acb2af8248941cc8",
        "type": "github"
      },
      "original": {
        "owner": "nix-community",
        "repo": "NUR",
        "type": "github"
      }
    },
    "root": {
      "inputs": {
        "darwin": "darwin",
        "disko": "disko",
        "dotfiles": "dotfiles",
        "ghostty": "ghostty",
        "home-manager": "home-manager",
        "nixpkgs": "nixpkgs",
        "nur": "nur",
        "sops-nix": "sops-nix",
        "tinted-fzf": "tinted-fzf",
        "tinted-shell": "tinted-shell",
        "zsh-vim-mode": "zsh-vim-mode"
      }
    },
    "sops-nix": {
      "inputs": {
        "nixpkgs": [
          "nixpkgs"
        ]
      },
      "locked": {
        "lastModified": 1731954233,
        "narHash": "sha256-vvXx1m2Rsw7MkbKJdpcICzz4YPgZPApGKQGhNZfkhOI=",
        "owner": "Mic92",
        "repo": "sops-nix",
        "rev": "e39947d0ee8e341fa7108bd02a33cdfa24a1360e",
        "type": "github"
      },
      "original": {
        "owner": "Mic92",
        "repo": "sops-nix",
        "type": "github"
      }
    },
    "systems": {
      "locked": {
        "lastModified": 1681028828,
        "narHash": "sha256-Vy1rq5AaRuLzOxct8nz4T6wlgyUR7zLU309k9mBC768=",
        "owner": "nix-systems",
        "repo": "default",
        "rev": "da67096a3b9bf56a91d16901293e51ba5b49a27e",
        "type": "github"
      },
      "original": {
        "owner": "nix-systems",
        "repo": "default",
        "type": "github"
      }
    },
    "tinted-fzf": {
      "flake": false,
      "locked": {
        "lastModified": 1731841451,
        "narHash": "sha256-Hoj5ib7cOwuuRmOHJd1SyCeyBoMrNTsrqrWgN955zJM=",
        "owner": "tinted-theming",
        "repo": "tinted-fzf",
        "rev": "7646a7e697767271d3dd059bbd9c267163d030a3",
        "type": "github"
      },
      "original": {
        "owner": "tinted-theming",
        "repo": "tinted-fzf",
        "type": "github"
      }
    },
    "tinted-shell": {
      "flake": false,
      "locked": {
        "lastModified": 1729591404,
        "narHash": "sha256-eyZKShUpeIAoxhVsHAm2eqYvMp5e15NtbVrjMWFqtF8=",
        "owner": "tinted-theming",
        "repo": "tinted-shell",
        "rev": "60c80f53cd3d97c25eb0580e40f0b9de84dac55f",
        "type": "github"
      },
      "original": {
        "owner": "tinted-theming",
        "repo": "tinted-shell",
        "type": "github"
      }
    },
    "zig": {
      "inputs": {
        "flake-compat": [
          "ghostty"
        ],
        "flake-utils": "flake-utils",
        "nixpkgs": [
          "ghostty",
          "nixpkgs-stable"
        ]
      },
      "locked": {
        "lastModified": 1717848532,
        "narHash": "sha256-d+xIUvSTreHl8pAmU1fnmkfDTGQYCn2Rb/zOwByxS2M=",
        "owner": "mitchellh",
        "repo": "zig-overlay",
        "rev": "02fc5cc555fc14fda40c42d7c3250efa43812b43",
        "type": "github"
      },
      "original": {
        "owner": "mitchellh",
        "repo": "zig-overlay",
        "type": "github"
      }
    },
    "zsh-vim-mode": {
      "flake": false,
      "locked": {
        "lastModified": 1616290526,
        "narHash": "sha256-a+6EWMRY1c1HQpNtJf5InCzU7/RphZjimLdXIXbO6cQ=",
        "owner": "softmoth",
        "repo": "zsh-vim-mode",
        "rev": "1f9953b7d6f2f0a8d2cb8e8977baa48278a31eab",
        "type": "github"
      },
      "original": {
        "owner": "softmoth",
        "repo": "zsh-vim-mode",
        "type": "github"
      }
    }
  },
  "root": "root",
  "version": 7
}
